
Microsoft Visual Studio Solution File, Format Version 12.00
# Visual Studio Version 16
VisualStudioVersion = 16.0.31729.503
MinimumVisualStudioVersion = 10.0.40219.1
Project("{FAE04EC0-301F-11D3-BF4B-00C04F79EFBC}") = "OKUL", "..\..\..\OneDrive\Belgeler\GitHub\NA-203-SABAH\MVC-Dersleri\MVC-Dersleri\OKUL\OKUL.csproj", "{2B644D82-168F-4114-8CA8-D4B946EB49CD}"
EndProject
Global
	GlobalSection(SolutionConfigurationPlatforms) = preSolution
		Debug|Any CPU = Debug|Any CPU
		Release|Any CPU = Release|Any CPU
	EndGlobalSection
	GlobalSection(ProjectConfigurationPlatforms) = postSolution
		{2B644D82-168F-4114-8CA8-D4B946EB49CD}.Debug|Any CPU.ActiveCfg = Debug|Any CPU
		{2B644D82-168F-4114-8CA8-D4B946EB49CD}.Debug|Any CPU.Build.0 = Debug|Any CPU
		{2B644D82-168F-4114-8CA8-D4B946EB49CD}.Release|Any CPU.ActiveCfg = Release|Any CPU
		{2B644D82-168F-4114-8CA8-D4B946EB49CD}.Release|Any CPU.Build.0 = Release|Any CPU
	EndGlobalSection
	GlobalSection(SolutionProperties) = preSolution
		HideSolutionNode = FALSE
	EndGlobalSection
	GlobalSection(ExtensibilityGlobals) = postSolution
		SolutionGuid = {0156B5B1-94B3-4593-AC9F-908F6B9564E8}
	EndGlobalSection
EndGlobal
